
Microsoft Visual Studio Solution File, Format Version 12.00
# Visual Studio Version 16
VisualStudioVersion = 16.0.29519.87
MinimumVisualStudioVersion = 10.0.40219.1
Project("{FAE04EC0-301F-11D3-BF4B-00C04F79EFBC}") = "DemoDurableFunctions", "DemoDurableFunctions\DemoDurableFunctions.csproj", "{1B24AEBF-95B0-4457-8F5C-43AB706C4DD3}"
EndProject
Global
	GlobalSection(SolutionConfigurationPlatforms) = preSolution
		Debug|Any CPU = Debug|Any CPU
		Release|Any CPU = Release|Any CPU
	EndGlobalSection
	GlobalSection(ProjectConfigurationPlatforms) = postSolution
		{1B24AEBF-95B0-4457-8F5C-43AB706C4DD3}.Debug|Any CPU.ActiveCfg = Debug|Any CPU
		{1B24AEBF-95B0-4457-8F5C-43AB706C4DD3}.Debug|Any CPU.Build.0 = Debug|Any CPU
		{1B24AEBF-95B0-4457-8F5C-43AB706C4DD3}.Release|Any CPU.ActiveCfg = Release|Any CPU
		{1B24AEBF-95B0-4457-8F5C-43AB706C4DD3}.Release|Any CPU.Build.0 = Release|Any CPU
	EndGlobalSection
	GlobalSection(SolutionProperties) = preSolution
		HideSolutionNode = FALSE
	EndGlobalSection
	GlobalSection(ExtensibilityGlobals) = postSolution
		SolutionGuid = {DFC400AF-4718-4FC7-AF7B-9561DC13CFEA}
	EndGlobalSection
EndGlobal
